
Microsoft Visual Studio Solution File, Format Version 9.00
# Visual Studio 2005
Project("{FAE04EC0-301F-11D3-BF4B-00C04F79EFBC}") = "MoonlightStatus", "MoonlightStatus\MoonlightStatus.csproj", "{4622F90F-636D-478F-8E35-C2E0D3087777}"
EndProject
Global
	GlobalSection(SolutionConfigurationPlatforms) = preSolution
		Debug|Any CPU = Debug|Any CPU
		Release|Any CPU = Release|Any CPU
	EndGlobalSection
	GlobalSection(ProjectConfigurationPlatforms) = postSolution
		{4622F90F-636D-478F-8E35-C2E0D3087777}.Debug|Any CPU.ActiveCfg = Debug|Any CPU
		{4622F90F-636D-478F-8E35-C2E0D3087777}.Debug|Any CPU.Build.0 = Debug|Any CPU
		{4622F90F-636D-478F-8E35-C2E0D3087777}.Release|Any CPU.ActiveCfg = Release|Any CPU
		{4622F90F-636D-478F-8E35-C2E0D3087777}.Release|Any CPU.Build.0 = Release|Any CPU
	EndGlobalSection
	GlobalSection(MonoDevelopProperties) = preSolution
		name = MoonlightStatus
		StartupItem = MoonlightStatus\MoonlightStatus.csproj
	EndGlobalSection
EndGlobal
