Microsoft Visual Studio Solution File, Format Version 11.00
# Visual Studio 2010
Project("{E24C65DC-7377-472B-9ABA-BC803B73C61A}") = "monovs", ".", "{0BCF8DDD-9566-4EC1-B967-22A24DB0AE0D}"
	ProjectSection(WebsiteProperties) = preProject
		TargetFrameworkMoniker = ".NETFramework,Version%3Dv2.0"
		Debug.AspNetCompiler.VirtualPath = "/MonoVSSite"
		Debug.AspNetCompiler.PhysicalPath = "."
		Debug.AspNetCompiler.TargetPath = "PrecompiledWeb\MonoVSSite\"
		Debug.AspNetCompiler.Updateable = "true"
		Debug.AspNetCompiler.ForceOverwrite = "true"
		Debug.AspNetCompiler.FixedNames = "false"
		Debug.AspNetCompiler.Debug = "True"
		Release.AspNetCompiler.VirtualPath = "/MonoVSSite"
		Release.AspNetCompiler.PhysicalPath = "."
		Release.AspNetCompiler.TargetPath = "PrecompiledWeb\MonoVSSite\"
		Release.AspNetCompiler.Updateable = "true"
		Release.AspNetCompiler.ForceOverwrite = "true"
		Release.AspNetCompiler.FixedNames = "false"
		Release.AspNetCompiler.Debug = "False"
		VWDPort = "58680"
		DefaultWebSiteLanguage = "Visual C#"
	EndProjectSection
EndProject
Global
	GlobalSection(SolutionConfigurationPlatforms) = preSolution
		Debug|Any CPU = Debug|Any CPU
	EndGlobalSection
	GlobalSection(ProjectConfigurationPlatforms) = postSolution
		{0BCF8DDD-9566-4EC1-B967-22A24DB0AE0D}.Debug|Any CPU.ActiveCfg = Debug|Any CPU
		{0BCF8DDD-9566-4EC1-B967-22A24DB0AE0D}.Debug|Any CPU.Build.0 = Debug|Any CPU
	EndGlobalSection
	GlobalSection(SolutionProperties) = preSolution
		HideSolutionNode = FALSE
	EndGlobalSection
EndGlobal
